
Microsoft Visual Studio Solution File, Format Version 12.00
# Visual Studio Version 16
VisualStudioVersion = 16.0.31112.23
MinimumVisualStudioVersion = 10.0.40219.1
Project("{FAE04EC0-301F-11D3-BF4B-00C04F79EFBC}") = "ConsoleApp1", "ConsoleApp1.csproj", "{5708194B-2BFE-4C6A-8782-6BBCCC465B5C}"
EndProject
Global
	GlobalSection(SolutionConfigurationPlatforms) = preSolution
		Debug|Any CPU = Debug|Any CPU
		Release|Any CPU = Release|Any CPU
	EndGlobalSection
	GlobalSection(ProjectConfigurationPlatforms) = postSolution
		{5708194B-2BFE-4C6A-8782-6BBCCC465B5C}.Debug|Any CPU.ActiveCfg = Debug|Any CPU
		{5708194B-2BFE-4C6A-8782-6BBCCC465B5C}.Debug|Any CPU.Build.0 = Debug|Any CPU
		{5708194B-2BFE-4C6A-8782-6BBCCC465B5C}.Release|Any CPU.ActiveCfg = Release|Any CPU
		{5708194B-2BFE-4C6A-8782-6BBCCC465B5C}.Release|Any CPU.Build.0 = Release|Any CPU
	EndGlobalSection
	GlobalSection(SolutionProperties) = preSolution
		HideSolutionNode = FALSE
	EndGlobalSection
	GlobalSection(ExtensibilityGlobals) = postSolution
		SolutionGuid = {9707D48C-D0D3-4944-872B-AF29456CC908}
	EndGlobalSection
EndGlobal
